
Microsoft Visual Studio Solution File, Format Version 12.00
# Visual Studio Version 17
VisualStudioVersion = 17.11.35222.181
MinimumVisualStudioVersion = 10.0.40219.1
Project("{8BC9CEB8-8B4A-11D0-8D11-00A0C91BC942}") = "massive", "massive.vcxproj", "{81555F55-D843-4280-A51B-CE29BCE79910}"
EndProject
Global
	GlobalSection(SolutionConfigurationPlatforms) = preSolution
		Debug|x64 = Debug|x64
		Debug|x86 = Debug|x86
		Release|x64 = Release|x64
		Release|x86 = Release|x86
	EndGlobalSection
	GlobalSection(ProjectConfigurationPlatforms) = postSolution
		{81555F55-D843-4280-A51B-CE29BCE79910}.Debug|x64.ActiveCfg = Debug|x64
		{81555F55-D843-4280-A51B-CE29BCE79910}.Debug|x64.Build.0 = Debug|x64
		{81555F55-D843-4280-A51B-CE29BCE79910}.Debug|x86.ActiveCfg = Debug|Win32
		{81555F55-D843-4280-A51B-CE29BCE79910}.Debug|x86.Build.0 = Debug|Win32
		{81555F55-D843-4280-A51B-CE29BCE79910}.Release|x64.ActiveCfg = Release|x64
		{81555F55-D843-4280-A51B-CE29BCE79910}.Release|x64.Build.0 = Release|x64
		{81555F55-D843-4280-A51B-CE29BCE79910}.Release|x86.ActiveCfg = Release|Win32
		{81555F55-D843-4280-A51B-CE29BCE79910}.Release|x86.Build.0 = Release|Win32
	EndGlobalSection
	GlobalSection(SolutionProperties) = preSolution
		HideSolutionNode = FALSE
	EndGlobalSection
	GlobalSection(ExtensibilityGlobals) = postSolution
		SolutionGuid = {B79924F7-26A1-4B81-9F9B-E3D6ECE09758}
	EndGlobalSection
EndGlobal
